// !$*UTF8*$!
{
	archiveVersion = 1;
	classes = {
	};
	objectVersion = 77;
	objects = {

/* Begin PBXContainerItemProxy section */
		30C4B67C2D704D8300A3A6AD /* PBXContainerItemProxy */ = {
			isa = PBXContainerItemProxy;
			containerPortal = 30C4B65A2D704D8100A3A6AD /* Project object */;
			proxyType = 1;
			remoteGlobalIDString = 30C4B6612D704D8100A3A6AD;
			remoteInfo = BaseNetWork;
		};
		30C4B6862D704D8300A3A6AD /* PBXContainerItemProxy */ = {
			isa = PBXContainerItemProxy;
			containerPortal = 30C4B65A2D704D8100A3A6AD /* Project object */;
			proxyType = 1;
			remoteGlobalIDString = 30C4B6612D704D8100A3A6AD;
			remoteInfo = BaseNetWork;
		};
/* End PBXContainerItemProxy section */

/* Begin PBXFileReference section */
		30C4B6622D704D8100A3A6AD /* BaseNetWork.app */ = {isa = PBXFileReference; explicitFileType = wrapper.application; includeInIndex = 0; path = BaseNetWork.app; sourceTree = BUILT_PRODUCTS_DIR; };
		30C4B67B2D704D8300A3A6AD /* BaseNetWorkTests.xctest */ = {isa = PBXFileReference; explicitFileType = wrapper.cfbundle; includeInIndex = 0; path = BaseNetWorkTests.xctest; sourceTree = BUILT_PRODUCTS_DIR; };
		30C4B6852D704D8300A3A6AD /* BaseNetWorkUITests.xctest */ = {isa = PBXFileReference; explicitFileType = wrapper.cfbundle; includeInIndex = 0; path = BaseNetWorkUITests.xctest; sourceTree = BUILT_PRODUCTS_DIR; };
/* End PBXFileReference section */

/* Begin PBXFileSystemSynchronizedBuildFileExceptionSet section */
		30C4B68D2D704D8300A3A6AD /* Exceptions for "BaseNetWork" folder in "BaseNetWork" target */ = {
			isa = PBXFileSystemSynchronizedBuildFileExceptionSet;
			membershipExceptions = (
				Info.plist,
			);
			target = 30C4B6612D704D8100A3A6AD /* BaseNetWork */;
		};
/* End PBXFileSystemSynchronizedBuildFileExceptionSet section */

/* Begin PBXFileSystemSynchronizedRootGroup section */
		30C4B6642D704D8100A3A6AD /* BaseNetWork */ = {
			isa = PBXFileSystemSynchronizedRootGroup;
			exceptions = (
				30C4B68D2D704D8300A3A6AD /* Exceptions for "BaseNetWork" folder in "BaseNetWork" target */,
			);
			path = BaseNetWork;
			sourceTree = "<group>";
		};
		30C4B67E2D704D8300A3A6AD /* BaseNetWorkTests */ = {
			isa = PBXFileSystemSynchronizedRootGroup;
			path = BaseNetWorkTests;
			sourceTree = "<group>";
		};
		30C4B6882D704D8300A3A6AD /* BaseNetWorkUITests */ = {
			isa = PBXFileSystemSynchronizedRootGroup;
			path = BaseNetWorkUITests;
			sourceTree = "<group>";
		};
/* End PBXFileSystemSynchronizedRootGroup section */

/* Begin PBXFrameworksBuildPhase section */
		30C4B65F2D704D8100A3A6AD /* Frameworks */ = {
			isa = PBXFrameworksBuildPhase;
			buildActionMask = 2147483647;
			files = (
			);
			runOnlyForDeploymentPostprocessing = 0;
		};
		30C4B6782D704D8300A3A6AD /* Frameworks */ = {
			isa = PBXFrameworksBuildPhase;
			buildActionMask = 2147483647;
			files = (
			);
			runOnlyForDeploymentPostprocessing = 0;
		};
		30C4B6822D704D8300A3A6AD /* Frameworks */ = {
			isa = PBXFrameworksBuildPhase;
			buildActionMask = 2147483647;
			files = (
			);
			runOnlyForDeploymentPostprocessing = 0;
		};
/* End PBXFrameworksBuildPhase section */

/* Begin PBXGroup section */
		30C4B6592D704D8100A3A6AD = {
			isa = PBXGroup;
			children = (
				30C4B6642D704D8100A3A6AD /* BaseNetWork */,
				30C4B67E2D704D8300A3A6AD /* BaseNetWorkTests */,
				30C4B6882D704D8300A3A6AD /* BaseNetWorkUITests */,
				30C4B6632D704D8100A3A6AD /* Products */,
			);
			sourceTree = "<group>";
		};
		30C4B6632D704D8100A3A6AD /* Products */ = {
			isa = PBXGroup;
			children = (
				30C4B6622D704D8100A3A6AD /* BaseNetWork.app */,
				30C4B67B2D704D8300A3A6AD /* BaseNetWorkTests.xctest */,
				30C4B6852D704D8300A3A6AD /* BaseNetWorkUITests.xctest */,
			);
			name = Products;
			sourceTree = "<group>";
		};
/* End PBXGroup section */

/* Begin PBXNativeTarget section */
		30C4B6612D704D8100A3A6AD /* BaseNetWork */ = {
			isa = PBXNativeTarget;
			buildConfigurationList = 30C4B68E2D704D8300A3A6AD /* Build configuration list for PBXNativeTarget "BaseNetWork" */;
			buildPhases = (
				30C4B65E2D704D8100A3A6AD /* Sources */,
				30C4B65F2D704D8100A3A6AD /* Frameworks */,
				30C4B6602D704D8100A3A6AD /* Resources */,
			);
			buildRules = (
			);
			dependencies = (
			);
			fileSystemSynchronizedGroups = (
				30C4B6642D704D8100A3A6AD /* BaseNetWork */,
			);
			name = BaseNetWork;
			packageProductDependencies = (
			);
			productName = BaseNetWork;
			productReference = 30C4B6622D704D8100A3A6AD /* BaseNetWork.app */;
			productType = "com.apple.product-type.application";
		};
		30C4B67A2D704D8300A3A6AD /* BaseNetWorkTests */ = {
			isa = PBXNativeTarget;
			buildConfigurationList = 30C4B6932D704D8300A3A6AD /* Build configuration list for PBXNativeTarget "BaseNetWorkTests" */;
			buildPhases = (
				30C4B6772D704D8300A3A6AD /* Sources */,
				30C4B6782D704D8300A3A6AD /* Frameworks */,
				30C4B6792D704D8300A3A6AD /* Resources */,
			);
			buildRules = (
			);
			dependencies = (
				30C4B67D2D704D8300A3A6AD /* PBXTargetDependency */,
			);
			fileSystemSynchronizedGroups = (
				30C4B67E2D704D8300A3A6AD /* BaseNetWorkTests */,
			);
			name = BaseNetWorkTests;
			packageProductDependencies = (
			);
			productName = BaseNetWorkTests;
			productReference = 30C4B67B2D704D8300A3A6AD /* BaseNetWorkTests.xctest */;
			productType = "com.apple.product-type.bundle.unit-test";
		};
		30C4B6842D704D8300A3A6AD /* BaseNetWorkUITests */ = {
			isa = PBXNativeTarget;
			buildConfigurationList = 30C4B6962D704D8300A3A6AD /* Build configuration list for PBXNativeTarget "BaseNetWorkUITests" */;
			buildPhases = (
				30C4B6812D704D8300A3A6AD /* Sources */,
				30C4B6822D704D8300A3A6AD /* Frameworks */,
				30C4B6832D704D8300A3A6AD /* Resources */,
			);
			buildRules = (
			);
			dependencies = (
				30C4B6872D704D8300A3A6AD /* PBXTargetDependency */,
			);
			fileSystemSynchronizedGroups = (
				30C4B6882D704D8300A3A6AD /* BaseNetWorkUITests */,
			);
			name = BaseNetWorkUITests;
			packageProductDependencies = (
			);
			productName = BaseNetWorkUITests;
			productReference = 30C4B6852D704D8300A3A6AD /* BaseNetWorkUITests.xctest */;
			productType = "com.apple.product-type.bundle.ui-testing";
		};
/* End PBXNativeTarget section */

/* Begin PBXProject section */
		30C4B65A2D704D8100A3A6AD /* Project object */ = {
			isa = PBXProject;
			attributes = {
				BuildIndependentTargetsInParallel = 1;
				LastSwiftUpdateCheck = 1610;
				LastUpgradeCheck = 1610;
				TargetAttributes = {
					30C4B6612D704D8100A3A6AD = {
						CreatedOnToolsVersion = 16.1;
					};
					30C4B67A2D704D8300A3A6AD = {
						CreatedOnToolsVersion = 16.1;
						TestTargetID = 30C4B6612D704D8100A3A6AD;
					};
					30C4B6842D704D8300A3A6AD = {
						CreatedOnToolsVersion = 16.1;
						TestTargetID = 30C4B6612D704D8100A3A6AD;
					};
				};
			};
			buildConfigurationList = 30C4B65D2D704D8100A3A6AD /* Build configuration list for PBXProject "BaseNetWork" */;
			developmentRegion = en;
			hasScannedForEncodings = 0;
			knownRegions = (
				en,
				Base,
			);
			mainGroup = 30C4B6592D704D8100A3A6AD;
			minimizedProjectReferenceProxies = 1;
			preferredProjectObjectVersion = 77;
			productRefGroup = 30C4B6632D704D8100A3A6AD /* Products */;
			projectDirPath = "";
			projectRoot = "";
			targets = (
				30C4B6612D704D8100A3A6AD /* BaseNetWork */,
				30C4B67A2D704D8300A3A6AD /* BaseNetWorkTests */,
				30C4B6842D704D8300A3A6AD /* BaseNetWorkUITests */,
			);
		};
/* End PBXProject section */

/* Begin PBXResourcesBuildPhase section */
		30C4B6602D704D8100A3A6AD /* Resources */ = {
			isa = PBXResourcesBuildPhase;
			buildActionMask = 2147483647;
			files = (
			);
			runOnlyForDeploymentPostprocessing = 0;
		};
		30C4B6792D704D8300A3A6AD /* Resources */ = {
			isa = PBXResourcesBuildPhase;
			buildActionMask = 2147483647;
			files = (
			);
			runOnlyForDeploymentPostprocessing = 0;
		};
		30C4B6832D704D8300A3A6AD /* Resources */ = {
			isa = PBXResourcesBuildPhase;
			buildActionMask = 2147483647;
			files = (
			);
			runOnlyForDeploymentPostprocessing = 0;
		};
/* End PBXResourcesBuildPhase section */

/* Begin PBXSourcesBuildPhase section */
		30C4B65E2D704D8100A3A6AD /* Sources */ = {
			isa = PBXSourcesBuildPhase;
			buildActionMask = 2147483647;
			files = (
			);
			runOnlyForDeploymentPostprocessing = 0;
		};
		30C4B6772D704D8300A3A6AD /* Sources */ = {
			isa = PBXSourcesBuildPhase;
			buildActionMask = 2147483647;
			files = (
			);
			runOnlyForDeploymentPostprocessing = 0;
		};
		30C4B6812D704D8300A3A6AD /* Sources */ = {
			isa = PBXSourcesBuildPhase;
			buildActionMask = 2147483647;
			files = (
			);
			runOnlyForDeploymentPostprocessing = 0;
		};
/* End PBXSourcesBuildPhase section */

/* Begin PBXTargetDependency section */
		30C4B67D2D704D8300A3A6AD /* PBXTargetDependency */ = {
			isa = PBXTargetDependency;
			target = 30C4B6612D704D8100A3A6AD /* BaseNetWork */;
			targetProxy = 30C4B67C2D704D8300A3A6AD /* PBXContainerItemProxy */;
		};
		30C4B6872D704D8300A3A6AD /* PBXTargetDependency */ = {
			isa = PBXTargetDependency;
			target = 30C4B6612D704D8100A3A6AD /* BaseNetWork */;
			targetProxy = 30C4B6862D704D8300A3A6AD /* PBXContainerItemProxy */;
		};
/* End PBXTargetDependency section */

/* Begin XCBuildConfiguration section */
		30C4B68F2D704D8300A3A6AD /* Debug */ = {
			isa = XCBuildConfiguration;
			buildSettings = {
				ASSETCATALOG_COMPILER_APPICON_NAME = AppIcon;
				ASSETCATALOG_COMPILER_GLOBAL_ACCENT_COLOR_NAME = AccentColor;
				CODE_SIGN_STYLE = Automatic;
				CURRENT_PROJECT_VERSION = 1;
				DEVELOPMENT_TEAM = TM5VUFHMW4;
				GENERATE_INFOPLIST_FILE = YES;
				INFOPLIST_FILE = BaseNetWork/Info.plist;
				INFOPLIST_KEY_UIApplicationSupportsIndirectInputEvents = YES;
				INFOPLIST_KEY_UILaunchStoryboardName = LaunchScreen;
				INFOPLIST_KEY_UIMainStoryboardFile = Main;
				INFOPLIST_KEY_UISupportedInterfaceOrientations_iPad = "UIInterfaceOrientationPortrait UIInterfaceOrientationPortraitUpsideDown UIInterfaceOrientationLandscapeLeft UIInterfaceOrientationLandscapeRight";
				INFOPLIST_KEY_UISupportedInterfaceOrientations_iPhone = "UIInterfaceOrientationPortrait UIInterfaceOrientationLandscapeLeft UIInterfaceOrientationLandscapeRight";
				IPHONEOS_DEPLOYMENT_TARGET = 13.0;
				LD_RUNPATH_SEARCH_PATHS = (
					"$(inherited)",
					"@executable_path/Frameworks",
				);
				MARKETING_VERSION = 1.0;
				PRODUCT_BUNDLE_IDENTIFIER = sh.BaseNetWork;
				PRODUCT_NAME = "$(TARGET_NAME)";
				SWIFT_EMIT_LOC_STRINGS = YES;
				SWIFT_VERSION = 5.0;
				TARGETED_DEVICE_FAMILY = "1,2";
			};
			name = Debug;
		};
		30C4B6902D704D8300A3A6AD /* Release */ = {
			isa = XCBuildConfiguration;
			buildSettings = {
				ASSETCATALOG_COMPILER_APPICON_NAME = AppIcon;
				ASSETCATALOG_COMPILER_GLOBAL_ACCENT_COLOR_NAME = AccentColor;
				CODE_SIGN_STYLE = Automatic;
				CURRENT_PROJECT_VERSION = 1;
				DEVELOPMENT_TEAM = TM5VUFHMW4;
				GENERATE_INFOPLIST_FILE = YES;
				INFOPLIST_FILE = BaseNetWork/Info.plist;
				INFOPLIST_KEY_UIApplicationSupportsIndirectInputEvents = YES;
				INFOPLIST_KEY_UILaunchStoryboardName = LaunchScreen;
				INFOPLIST_KEY_UIMainStoryboardFile = Main;
				INFOPLIST_KEY_UISupportedInterfaceOrientations_iPad = "UIInterfaceOrientationPortrait UIInterfaceOrientationPortraitUpsideDown UIInterfaceOrientationLandscapeLeft UIInterfaceOrientationLandscapeRight";
				INFOPLIST_KEY_UISupportedInterfaceOrientations_iPhone = "UIInterfaceOrientationPortrait UIInterfaceOrientationLandscapeLeft UIInterfaceOrientationLandscapeRight";
				IPHONEOS_DEPLOYMENT_TARGET = 13.0;
				LD_RUNPATH_SEARCH_PATHS = (
					"$(inherited)",
					"@executable_path/Frameworks",
				);
				MARKETING_VERSION = 1.0;
				PRODUCT_BUNDLE_IDENTIFIER = sh.BaseNetWork;
				PRODUCT_NAME = "$(TARGET_NAME)";
				SWIFT_EMIT_LOC_STRINGS = YES;
				SWIFT_VERSION = 5.0;
				TARGETED_DEVICE_FAMILY = "1,2";
			};
			name = Release;
		};
		30C4B6912D704D8300A3A6AD /* Debug */ = {
			isa = XCBuildConfiguration;
			buildSettings = {
				ALWAYS_SEARCH_USER_PATHS = NO;
				ASSETCATALOG_COMPILER_GENERATE_SWIFT_ASSET_SYMBOL_EXTENSIONS = YES;
				CLANG_ANALYZER_NONNULL = YES;
				CLANG_ANALYZER_NUMBER_OBJECT_CONVERSION = YES_AGGRESSIVE;
				CLANG_CXX_LANGUAGE_STANDARD = "gnu++20";
				CLANG_ENABLE_MODULES = YES;
				CLANG_ENABLE_OBJC_ARC = YES;
				CLANG_ENABLE_OBJC_WEAK = YES;
				CLANG_WARN_BLOCK_CAPTURE_AUTORELEASING = YES;
				CLANG_WARN_BOOL_CONVERSION = YES;
				CLANG_WARN_COMMA = YES;
				CLANG_WARN_CONSTANT_CONVERSION = YES;
				CLANG_WARN_DEPRECATED_OBJC_IMPLEMENTATIONS = YES;
				CLANG_WARN_DIRECT_OBJC_ISA_USAGE = YES_ERROR;
				CLANG_WARN_DOCUMENTATION_COMMENTS = YES;
				CLANG_WARN_EMPTY_BODY = YES;
				CLANG_WARN_ENUM_CONVERSION = YES;
				CLANG_WARN_INFINITE_RECURSION = YES;
				CLANG_WARN_INT_CONVERSION = YES;
				CLANG_WARN_NON_LITERAL_NULL_CONVERSION = YES;
				CLANG_WARN_OBJC_IMPLICIT_RETAIN_SELF = YES;
				CLANG_WARN_OBJC_LITERAL_CONVERSION = YES;
				CLANG_WARN_OBJC_ROOT_CLASS = YES_ERROR;
				CLANG_WARN_QUOTED_INCLUDE_IN_FRAMEWORK_HEADER = YES;
				CLANG_WARN_RANGE_LOOP_ANALYSIS = YES;
				CLANG_WARN_STRICT_PROTOTYPES = YES;
				CLANG_WARN_SUSPICIOUS_MOVE = YES;
				CLANG_WARN_UNGUARDED_AVAILABILITY = YES_AGGRESSIVE;
				CLANG_WARN_UNREACHABLE_CODE = YES;
				CLANG_WARN__DUPLICATE_METHOD_MATCH = YES;
				COPY_PHASE_STRIP = NO;
				DEBUG_INFORMATION_FORMAT = dwarf;
				ENABLE_STRICT_OBJC_MSGSEND = YES;
				ENABLE_TESTABILITY = YES;
				ENABLE_USER_SCRIPT_SANDBOXING = YES;
				GCC_C_LANGUAGE_STANDARD = gnu17;
				GCC_DYNAMIC_NO_PIC = NO;
				GCC_NO_COMMON_BLOCKS = YES;
				GCC_OPTIMIZATION_LEVEL = 0;
				GCC_PREPROCESSOR_DEFINITIONS = (
					"DEBUG=1",
					"$(inherited)",
				);
				GCC_WARN_64_TO_32_BIT_CONVERSION = YES;
				GCC_WARN_ABOUT_RETURN_TYPE = YES_ERROR;
				GCC_WARN_UNDECLARED_SELECTOR = YES;
				GCC_WARN_UNINITIALIZED_AUTOS = YES_AGGRESSIVE;
				GCC_WARN_UNUSED_FUNCTION = YES;
				GCC_WARN_UNUSED_VARIABLE = YES;
				IPHONEOS_DEPLOYMENT_TARGET = 18.1;
				LOCALIZATION_PREFERS_STRING_CATALOGS = YES;
				MTL_ENABLE_DEBUG_INFO = INCLUDE_SOURCE;
				MTL_FAST_MATH = YES;
				ONLY_ACTIVE_ARCH = YES;
				SDKROOT = iphoneos;
				SWIFT_ACTIVE_COMPILATION_CONDITIONS = "DEBUG $(inherited)";
				SWIFT_OPTIMIZATION_LEVEL = "-Onone";
			};
			name = Debug;
		};
		30C4B6922D704D8300A3A6AD /* Release */ = {
			isa = XCBuildConfiguration;
			buildSettings = {
				ALWAYS_SEARCH_USER_PATHS = NO;
				ASSETCATALOG_COMPILER_GENERATE_SWIFT_ASSET_SYMBOL_EXTENSIONS = YES;
				CLANG_ANALYZER_NONNULL = YES;
				CLANG_ANALYZER_NUMBER_OBJECT_CONVERSION = YES_AGGRESSIVE;
				CLANG_CXX_LANGUAGE_STANDARD = "gnu++20";
				CLANG_ENABLE_MODULES = YES;
				CLANG_ENABLE_OBJC_ARC = YES;
				CLANG_ENABLE_OBJC_WEAK = YES;
				CLANG_WARN_BLOCK_CAPTURE_AUTORELEASING = YES;
				CLANG_WARN_BOOL_CONVERSION = YES;
				CLANG_WARN_COMMA = YES;
				CLANG_WARN_CONSTANT_CONVERSION = YES;
				CLANG_WARN_DEPRECATED_OBJC_IMPLEMENTATIONS = YES;
				CLANG_WARN_DIRECT_OBJC_ISA_USAGE = YES_ERROR;
				CLANG_WARN_DOCUMENTATION_COMMENTS = YES;
				CLANG_WARN_EMPTY_BODY = YES;
				CLANG_WARN_ENUM_CONVERSION = YES;
				CLANG_WARN_INFINITE_RECURSION = YES;
				CLANG_WARN_INT_CONVERSION = YES;
				CLANG_WARN_NON_LITERAL_NULL_CONVERSION = YES;
				CLANG_WARN_OBJC_IMPLICIT_RETAIN_SELF = YES;
				CLANG_WARN_OBJC_LITERAL_CONVERSION = YES;
				CLANG_WARN_OBJC_ROOT_CLASS = YES_ERROR;
				CLANG_WARN_QUOTED_INCLUDE_IN_FRAMEWORK_HEADER = YES;
				CLANG_WARN_RANGE_LOOP_ANALYSIS = YES;
				CLANG_WARN_STRICT_PROTOTYPES = YES;
				CLANG_WARN_SUSPICIOUS_MOVE = YES;
				CLANG_WARN_UNGUARDED_AVAILABILITY = YES_AGGRESSIVE;
				CLANG_WARN_UNREACHABLE_CODE = YES;
				CLANG_WARN__DUPLICATE_METHOD_MATCH = YES;
				COPY_PHASE_STRIP = NO;
				DEBUG_INFORMATION_FORMAT = "dwarf-with-dsym";
				ENABLE_NS_ASSERTIONS = NO;
				ENABLE_STRICT_OBJC_MSGSEND = YES;
				ENABLE_USER_SCRIPT_SANDBOXING = YES;
				GCC_C_LANGUAGE_STANDARD = gnu17;
				GCC_NO_COMMON_BLOCKS = YES;
				GCC_WARN_64_TO_32_BIT_CONVERSION = YES;
				GCC_WARN_ABOUT_RETURN_TYPE = YES_ERROR;
				GCC_WARN_UNDECLARED_SELECTOR = YES;
				GCC_WARN_UNINITIALIZED_AUTOS = YES_AGGRESSIVE;
				GCC_WARN_UNUSED_FUNCTION = YES;
				GCC_WARN_UNUSED_VARIABLE = YES;
				IPHONEOS_DEPLOYMENT_TARGET = 18.1;
				LOCALIZATION_PREFERS_STRING_CATALOGS = YES;
				MTL_ENABLE_DEBUG_INFO = NO;
				MTL_FAST_MATH = YES;
				SDKROOT = iphoneos;
				SWIFT_COMPILATION_MODE = wholemodule;
				VALIDATE_PRODUCT = YES;
			};
			name = Release;
		};
		30C4B6942D704D8300A3A6AD /* Debug */ = {
			isa = XCBuildConfiguration;
			buildSettings = {
				BUNDLE_LOADER = "$(TEST_HOST)";
				CODE_SIGN_STYLE = Automatic;
				CURRENT_PROJECT_VERSION = 1;
				DEVELOPMENT_TEAM = TM5VUFHMW4;
				GENERATE_INFOPLIST_FILE = YES;
				IPHONEOS_DEPLOYMENT_TARGET = 18.1;
				MARKETING_VERSION = 1.0;
				PRODUCT_BUNDLE_IDENTIFIER = sh.BaseNetWorkTests;
				PRODUCT_NAME = "$(TARGET_NAME)";
				SWIFT_EMIT_LOC_STRINGS = NO;
				SWIFT_VERSION = 5.0;
				TARGETED_DEVICE_FAMILY = "1,2";
				TEST_HOST = "$(BUILT_PRODUCTS_DIR)/BaseNetWork.app/$(BUNDLE_EXECUTABLE_FOLDER_PATH)/BaseNetWork";
			};
			name = Debug;
		};
		30C4B6952D704D8300A3A6AD /* Release */ = {
			isa = XCBuildConfiguration;
			buildSettings = {
				BUNDLE_LOADER = "$(TEST_HOST)";
				CODE_SIGN_STYLE = Automatic;
				CURRENT_PROJECT_VERSION = 1;
				DEVELOPMENT_TEAM = TM5VUFHMW4;
				GENERATE_INFOPLIST_FILE = YES;
				IPHONEOS_DEPLOYMENT_TARGET = 18.1;
				MARKETING_VERSION = 1.0;
				PRODUCT_BUNDLE_IDENTIFIER = sh.BaseNetWorkTests;
				PRODUCT_NAME = "$(TARGET_NAME)";
				SWIFT_EMIT_LOC_STRINGS = NO;
				SWIFT_VERSION = 5.0;
				TARGETED_DEVICE_FAMILY = "1,2";
				TEST_HOST = "$(BUILT_PRODUCTS_DIR)/BaseNetWork.app/$(BUNDLE_EXECUTABLE_FOLDER_PATH)/BaseNetWork";
			};
			name = Release;
		};
		30C4B6972D704D8300A3A6AD /* Debug */ = {
			isa = XCBuildConfiguration;
			buildSettings = {
				CODE_SIGN_STYLE = Automatic;
				CURRENT_PROJECT_VERSION = 1;
				DEVELOPMENT_TEAM = TM5VUFHMW4;
				GENERATE_INFOPLIST_FILE = YES;
				MARKETING_VERSION = 1.0;
				PRODUCT_BUNDLE_IDENTIFIER = sh.BaseNetWorkUITests;
				PRODUCT_NAME = "$(TARGET_NAME)";
				SWIFT_EMIT_LOC_STRINGS = NO;
				SWIFT_VERSION = 5.0;
				TARGETED_DEVICE_FAMILY = "1,2";
				TEST_TARGET_NAME = BaseNetWork;
			};
			name = Debug;
		};
		30C4B6982D704D8300A3A6AD /* Release */ = {
			isa = XCBuildConfiguration;
			buildSettings = {
				CODE_SIGN_STYLE = Automatic;
				CURRENT_PROJECT_VERSION = 1;
				DEVELOPMENT_TEAM = TM5VUFHMW4;
				GENERATE_INFOPLIST_FILE = YES;
				MARKETING_VERSION = 1.0;
				PRODUCT_BUNDLE_IDENTIFIER = sh.BaseNetWorkUITests;
				PRODUCT_NAME = "$(TARGET_NAME)";
				SWIFT_EMIT_LOC_STRINGS = NO;
				SWIFT_VERSION = 5.0;
				TARGETED_DEVICE_FAMILY = "1,2";
				TEST_TARGET_NAME = BaseNetWork;
			};
			name = Release;
		};
/* End XCBuildConfiguration section */

/* Begin XCConfigurationList section */
		30C4B65D2D704D8100A3A6AD /* Build configuration list for PBXProject "BaseNetWork" */ = {
			isa = XCConfigurationList;
			buildConfigurations = (
				30C4B6912D704D8300A3A6AD /* Debug */,
				30C4B6922D704D8300A3A6AD /* Release */,
			);
			defaultConfigurationIsVisible = 0;
			defaultConfigurationName = Release;
		};
		30C4B68E2D704D8300A3A6AD /* Build configuration list for PBXNativeTarget "BaseNetWork" */ = {
			isa = XCConfigurationList;
			buildConfigurations = (
				30C4B68F2D704D8300A3A6AD /* Debug */,
				30C4B6902D704D8300A3A6AD /* Release */,
			);
			defaultConfigurationIsVisible = 0;
			defaultConfigurationName = Release;
		};
		30C4B6932D704D8300A3A6AD /* Build configuration list for PBXNativeTarget "BaseNetWorkTests" */ = {
			isa = XCConfigurationList;
			buildConfigurations = (
				30C4B6942D704D8300A3A6AD /* Debug */,
				30C4B6952D704D8300A3A6AD /* Release */,
			);
			defaultConfigurationIsVisible = 0;
			defaultConfigurationName = Release;
		};
		30C4B6962D704D8300A3A6AD /* Build configuration list for PBXNativeTarget "BaseNetWorkUITests" */ = {
			isa = XCConfigurationList;
			buildConfigurations = (
				30C4B6972D704D8300A3A6AD /* Debug */,
				30C4B6982D704D8300A3A6AD /* Release */,
			);
			defaultConfigurationIsVisible = 0;
			defaultConfigurationName = Release;
		};
/* End XCConfigurationList section */
	};
	rootObject = 30C4B65A2D704D8100A3A6AD /* Project object */;
}
